
Microsoft Visual Studio Solution File, Format Version 12.00
Project("{FAE04EC0-301F-11D3-BF4B-00C04F79EFBC}") = "Day1", "Day1\Day1.csproj", "{B9AA3BF9-518E-4E83-970F-897A9ABC3E69}"
EndProject
Project("{2150E333-8FDC-42A3-9474-1A3956D46DE8}") = "Solution Items", "Solution Items", "{3C75DD04-1471-47B8-856D-535626FBE31D}"
	ProjectSection(SolutionItems) = preProject
		.gitignore = .gitignore
	EndProjectSection
EndProject
Project("{FAE04EC0-301F-11D3-BF4B-00C04F79EFBC}") = "Day2", "Day2\Day2.csproj", "{F3DA6749-A1BB-455B-83A1-357B3B9D3388}"
EndProject
Project("{FAE04EC0-301F-11D3-BF4B-00C04F79EFBC}") = "Day3", "Day3\Day3.csproj", "{7CCFF344-B175-4762-A5D7-290E7F2026F9}"
EndProject
Project("{FAE04EC0-301F-11D3-BF4B-00C04F79EFBC}") = "Day4", "Day4\Day4.csproj", "{AC3E79B3-DD02-45FC-BFF5-7B688CCC7380}"
EndProject
Project("{FAE04EC0-301F-11D3-BF4B-00C04F79EFBC}") = "Day5", "Day5\Day5.csproj", "{FB5AEF32-43C2-424E-90F5-ECCAFBE1851D}"
EndProject
Global
	GlobalSection(SolutionConfigurationPlatforms) = preSolution
		Debug|Any CPU = Debug|Any CPU
		Release|Any CPU = Release|Any CPU
	EndGlobalSection
	GlobalSection(ProjectConfigurationPlatforms) = postSolution
		{B9AA3BF9-518E-4E83-970F-897A9ABC3E69}.Debug|Any CPU.ActiveCfg = Debug|Any CPU
		{B9AA3BF9-518E-4E83-970F-897A9ABC3E69}.Debug|Any CPU.Build.0 = Debug|Any CPU
		{B9AA3BF9-518E-4E83-970F-897A9ABC3E69}.Release|Any CPU.ActiveCfg = Release|Any CPU
		{B9AA3BF9-518E-4E83-970F-897A9ABC3E69}.Release|Any CPU.Build.0 = Release|Any CPU
		{F3DA6749-A1BB-455B-83A1-357B3B9D3388}.Debug|Any CPU.ActiveCfg = Debug|Any CPU
		{F3DA6749-A1BB-455B-83A1-357B3B9D3388}.Debug|Any CPU.Build.0 = Debug|Any CPU
		{F3DA6749-A1BB-455B-83A1-357B3B9D3388}.Release|Any CPU.ActiveCfg = Release|Any CPU
		{F3DA6749-A1BB-455B-83A1-357B3B9D3388}.Release|Any CPU.Build.0 = Release|Any CPU
		{7CCFF344-B175-4762-A5D7-290E7F2026F9}.Debug|Any CPU.ActiveCfg = Debug|Any CPU
		{7CCFF344-B175-4762-A5D7-290E7F2026F9}.Debug|Any CPU.Build.0 = Debug|Any CPU
		{7CCFF344-B175-4762-A5D7-290E7F2026F9}.Release|Any CPU.ActiveCfg = Release|Any CPU
		{7CCFF344-B175-4762-A5D7-290E7F2026F9}.Release|Any CPU.Build.0 = Release|Any CPU
		{AC3E79B3-DD02-45FC-BFF5-7B688CCC7380}.Debug|Any CPU.ActiveCfg = Debug|Any CPU
		{AC3E79B3-DD02-45FC-BFF5-7B688CCC7380}.Debug|Any CPU.Build.0 = Debug|Any CPU
		{AC3E79B3-DD02-45FC-BFF5-7B688CCC7380}.Release|Any CPU.ActiveCfg = Release|Any CPU
		{AC3E79B3-DD02-45FC-BFF5-7B688CCC7380}.Release|Any CPU.Build.0 = Release|Any CPU
		{FB5AEF32-43C2-424E-90F5-ECCAFBE1851D}.Debug|Any CPU.ActiveCfg = Debug|Any CPU
		{FB5AEF32-43C2-424E-90F5-ECCAFBE1851D}.Debug|Any CPU.Build.0 = Debug|Any CPU
		{FB5AEF32-43C2-424E-90F5-ECCAFBE1851D}.Release|Any CPU.ActiveCfg = Release|Any CPU
		{FB5AEF32-43C2-424E-90F5-ECCAFBE1851D}.Release|Any CPU.Build.0 = Release|Any CPU
	EndGlobalSection
EndGlobal
